// !$*UTF8*$!
{
	archiveVersion = 1;
	classes = {
	};
	objectVersion = 46;
	objects = {

/* Begin PBXBuildFile section */
		A5839CDF1AD7E7A8006A3909 /* main.cpp in Sources */ = {isa = PBXBuildFile; fileRef = A5839CDE1AD7E7A8006A3909 /* main.cpp */; };
		A5839CE61AD7E7DC006A3909 /* OpenGL.framework in Frameworks */ = {isa = PBXBuildFile; fileRef = A5839CE51AD7E7DC006A3909 /* OpenGL.framework */; };
/* End PBXBuildFile section */

/* Begin PBXCopyFilesBuildPhase section */
		A5839CD91AD7E7A8006A3909 /* CopyFiles */ = {
			isa = PBXCopyFilesBuildPhase;
			buildActionMask = 2147483647;
			dstPath = /usr/share/man/man1/;
			dstSubfolderSpec = 0;
			files = (
			);
			runOnlyForDeploymentPostprocessing = 1;
		};
/* End PBXCopyFilesBuildPhase section */

/* Begin PBXFileReference section */
		A5839CDB1AD7E7A8006A3909 /* OpGl */ = {isa = PBXFileReference; explicitFileType = "compiled.mach-o.executable"; includeInIndex = 0; path = OpGl; sourceTree = BUILT_PRODUCTS_DIR; };
		A5839CDE1AD7E7A8006A3909 /* main.cpp */ = {isa = PBXFileReference; lastKnownFileType = sourcecode.cpp.cpp; path = main.cpp; sourceTree = "<group>"; };
		A5839CE51AD7E7DC006A3909 /* OpenGL.framework */ = {isa = PBXFileReference; lastKnownFileType = wrapper.framework; path = OpenGL.framework; sourceTree = "<group>"; };
/* End PBXFileReference section */

/* Begin PBXFrameworksBuildPhase section */
		A5839CD81AD7E7A8006A3909 /* Frameworks */ = {
			isa = PBXFrameworksBuildPhase;
			buildActionMask = 2147483647;
			files = (
				A5839CE61AD7E7DC006A3909 /* OpenGL.framework in Frameworks */,
			);
			runOnlyForDeploymentPostprocessing = 0;
		};
/* End PBXFrameworksBuildPhase section */

/* Begin PBXGroup section */
		A5839CD21AD7E7A8006A3909 = {
			isa = PBXGroup;
			children = (
				A5839CDD1AD7E7A8006A3909 /* OpGl */,
				A5839CDC1AD7E7A8006A3909 /* Products */,
			);
			sourceTree = "<group>";
		};
		A5839CDC1AD7E7A8006A3909 /* Products */ = {
			isa = PBXGroup;
			children = (
				A5839CDB1AD7E7A8006A3909 /* OpGl */,
			);
			name = Products;
			sourceTree = "<group>";
		};
		A5839CDD1AD7E7A8006A3909 /* OpGl */ = {
			isa = PBXGroup;
			children = (
				A5839CDE1AD7E7A8006A3909 /* main.cpp */,
				A5839CE51AD7E7DC006A3909 /* OpenGL.framework */,
			);
			path = OpGl;
			sourceTree = "<group>";
		};
/* End PBXGroup section */

/* Begin PBXNativeTarget section */
		A5839CDA1AD7E7A8006A3909 /* OpGl */ = {
			isa = PBXNativeTarget;
			buildConfigurationList = A5839CE21AD7E7A8006A3909 /* Build configuration list for PBXNativeTarget "OpGl" */;
			buildPhases = (
				A5839CD71AD7E7A8006A3909 /* Sources */,
				A5839CD81AD7E7A8006A3909 /* Frameworks */,
				A5839CD91AD7E7A8006A3909 /* CopyFiles */,
			);
			buildRules = (
			);
			dependencies = (
			);
			name = OpGl;
			productName = OpGl;
			productReference = A5839CDB1AD7E7A8006A3909 /* OpGl */;
			productType = "com.apple.product-type.tool";
		};
/* End PBXNativeTarget section */

/* Begin PBXProject section */
		A5839CD31AD7E7A8006A3909 /* Project object */ = {
			isa = PBXProject;
			attributes = {
				LastUpgradeCheck = 0630;
				ORGANIZATIONNAME = "Steven Chang";
				TargetAttributes = {
					A5839CDA1AD7E7A8006A3909 = {
						CreatedOnToolsVersion = 6.3;
					};
				};
			};
			buildConfigurationList = A5839CD61AD7E7A8006A3909 /* Build configuration list for PBXProject "OpGl" */;
			compatibilityVersion = "Xcode 3.2";
			developmentRegion = English;
			hasScannedForEncodings = 0;
			knownRegions = (
				en,
			);
			mainGroup = A5839CD21AD7E7A8006A3909;
			productRefGroup = A5839CDC1AD7E7A8006A3909 /* Products */;
			projectDirPath = "";
			projectRoot = "";
			targets = (
				A5839CDA1AD7E7A8006A3909 /* OpGl */,
			);
		};
/* End PBXProject section */

/* Begin PBXSourcesBuildPhase section */
		A5839CD71AD7E7A8006A3909 /* Sources */ = {
			isa = PBXSourcesBuildPhase;
			buildActionMask = 2147483647;
			files = (
				A5839CDF1AD7E7A8006A3909 /* main.cpp in Sources */,
			);
			runOnlyForDeploymentPostprocessing = 0;
		};
/* End PBXSourcesBuildPhase section */

/* Begin XCBuildConfiguration section */
		A5839CE01AD7E7A8006A3909 /* Debug */ = {
			isa = XCBuildConfiguration;
			buildSettings = {
				ALWAYS_SEARCH_USER_PATHS = NO;
				CLANG_CXX_LANGUAGE_STANDARD = "gnu++0x";
				CLANG_CXX_LIBRARY = "libc++";
				CLANG_ENABLE_MODULES = YES;
				CLANG_ENABLE_OBJC_ARC = YES;
				CLANG_WARN_BOOL_CONVERSION = YES;
				CLANG_WARN_CONSTANT_CONVERSION = YES;
				CLANG_WARN_DIRECT_OBJC_ISA_USAGE = YES_ERROR;
				CLANG_WARN_EMPTY_BODY = YES;
				CLANG_WARN_ENUM_CONVERSION = YES;
				CLANG_WARN_INT_CONVERSION = YES;
				CLANG_WARN_OBJC_ROOT_CLASS = YES_ERROR;
				CLANG_WARN_UNREACHABLE_CODE = YES;
				CLANG_WARN__DUPLICATE_METHOD_MATCH = YES;
				COPY_PHASE_STRIP = NO;
				DEBUG_INFORMATION_FORMAT = dwarf;
				ENABLE_STRICT_OBJC_MSGSEND = YES;
				GCC_C_LANGUAGE_STANDARD = gnu99;
				GCC_DYNAMIC_NO_PIC = NO;
				GCC_NO_COMMON_BLOCKS = YES;
				GCC_OPTIMIZATION_LEVEL = 0;
				GCC_PREPROCESSOR_DEFINITIONS = (
					"DEBUG=1",
					"$(inherited)",
				);
				GCC_SYMBOLS_PRIVATE_EXTERN = NO;
				GCC_WARN_64_TO_32_BIT_CONVERSION = YES;
				GCC_WARN_ABOUT_RETURN_TYPE = YES_ERROR;
				GCC_WARN_UNDECLARED_SELECTOR = YES;
				GCC_WARN_UNINITIALIZED_AUTOS = YES_AGGRESSIVE;
				GCC_WARN_UNUSED_FUNCTION = YES;
				GCC_WARN_UNUSED_VARIABLE = YES;
				MACOSX_DEPLOYMENT_TARGET = 10.10;
				MTL_ENABLE_DEBUG_INFO = YES;
				ONLY_ACTIVE_ARCH = YES;
				SDKROOT = macosx;
			};
			name = Debug;
		};
		A5839CE11AD7E7A8006A3909 /* Release */ = {
			isa = XCBuildConfiguration;
			buildSettings = {
				ALWAYS_SEARCH_USER_PATHS = NO;
				CLANG_CXX_LANGUAGE_STANDARD = "gnu++0x";
				CLANG_CXX_LIBRARY = "libc++";
				CLANG_ENABLE_MODULES = YES;
				CLANG_ENABLE_OBJC_ARC = YES;
				CLANG_WARN_BOOL_CONVERSION = YES;
				CLANG_WARN_CONSTANT_CONVERSION = YES;
				CLANG_WARN_DIRECT_OBJC_ISA_USAGE = YES_ERROR;
				CLANG_WARN_EMPTY_BODY = YES;
				CLANG_WARN_ENUM_CONVERSION = YES;
				CLANG_WARN_INT_CONVERSION = YES;
				CLANG_WARN_OBJC_ROOT_CLASS = YES_ERROR;
				CLANG_WARN_UNREACHABLE_CODE = YES;
				CLANG_WARN__DUPLICATE_METHOD_MATCH = YES;
				COPY_PHASE_STRIP = NO;
				DEBUG_INFORMATION_FORMAT = "dwarf-with-dsym";
				ENABLE_NS_ASSERTIONS = NO;
				ENABLE_STRICT_OBJC_MSGSEND = YES;
				GCC_C_LANGUAGE_STANDARD = gnu99;
				GCC_NO_COMMON_BLOCKS = YES;
				GCC_WARN_64_TO_32_BIT_CONVERSION = YES;
				GCC_WARN_ABOUT_RETURN_TYPE = YES_ERROR;
				GCC_WARN_UNDECLARED_SELECTOR = YES;
				GCC_WARN_UNINITIALIZED_AUTOS = YES_AGGRESSIVE;
				GCC_WARN_UNUSED_FUNCTION = YES;
				GCC_WARN_UNUSED_VARIABLE = YES;
				MACOSX_DEPLOYMENT_TARGET = 10.10;
				MTL_ENABLE_DEBUG_INFO = NO;
				SDKROOT = macosx;
			};
			name = Release;
		};
		A5839CE31AD7E7A8006A3909 /* Debug */ = {
			isa = XCBuildConfiguration;
			buildSettings = {
				FRAMEWORK_SEARCH_PATHS = (
					"$(inherited)",
					"$(PROJECT_DIR)/OpGl",
				);
				PRODUCT_NAME = "$(TARGET_NAME)";
			};
			name = Debug;
		};
		A5839CE41AD7E7A8006A3909 /* Release */ = {
			isa = XCBuildConfiguration;
			buildSettings = {
				FRAMEWORK_SEARCH_PATHS = (
					"$(inherited)",
					"$(PROJECT_DIR)/OpGl",
				);
				PRODUCT_NAME = "$(TARGET_NAME)";
			};
			name = Release;
		};
/* End XCBuildConfiguration section */

/* Begin XCConfigurationList section */
		A5839CD61AD7E7A8006A3909 /* Build configuration list for PBXProject "OpGl" */ = {
			isa = XCConfigurationList;
			buildConfigurations = (
				A5839CE01AD7E7A8006A3909 /* Debug */,
				A5839CE11AD7E7A8006A3909 /* Release */,
			);
			defaultConfigurationIsVisible = 0;
			defaultConfigurationName = Release;
		};
		A5839CE21AD7E7A8006A3909 /* Build configuration list for PBXNativeTarget "OpGl" */ = {
			isa = XCConfigurationList;
			buildConfigurations = (
				A5839CE31AD7E7A8006A3909 /* Debug */,
				A5839CE41AD7E7A8006A3909 /* Release */,
			);
			defaultConfigurationIsVisible = 0;
		};
/* End XCConfigurationList section */
	};
	rootObject = A5839CD31AD7E7A8006A3909 /* Project object */;
}
