// !$*UTF8*$!
{
	archiveVersion = 1;
	classes = {
	};
	objectVersion = 46;
	objects = {

/* Begin PBXBuildFile section */
		A52661941A6DF212001DE94B /* main.cpp in Sources */ = {isa = PBXBuildFile; fileRef = A52661931A6DF212001DE94B /* main.cpp */; };
		A526619C1A6DF220001DE94B /* poll.cpp in Sources */ = {isa = PBXBuildFile; fileRef = A526619A1A6DF220001DE94B /* poll.cpp */; };
/* End PBXBuildFile section */

/* Begin PBXCopyFilesBuildPhase section */
		A526618E1A6DF212001DE94B /* CopyFiles */ = {
			isa = PBXCopyFilesBuildPhase;
			buildActionMask = 2147483647;
			dstPath = /usr/share/man/man1/;
			dstSubfolderSpec = 0;
			files = (
			);
			runOnlyForDeploymentPostprocessing = 1;
		};
/* End PBXCopyFilesBuildPhase section */

/* Begin PBXFileReference section */
		A52661901A6DF212001DE94B /* PX4Poll */ = {isa = PBXFileReference; explicitFileType = "compiled.mach-o.executable"; includeInIndex = 0; path = PX4Poll; sourceTree = BUILT_PRODUCTS_DIR; };
		A52661931A6DF212001DE94B /* main.cpp */ = {isa = PBXFileReference; lastKnownFileType = sourcecode.cpp.cpp; path = main.cpp; sourceTree = "<group>"; };
		A526619A1A6DF220001DE94B /* poll.cpp */ = {isa = PBXFileReference; fileEncoding = 4; lastKnownFileType = sourcecode.cpp.cpp; path = poll.cpp; sourceTree = "<group>"; };
		A526619B1A6DF220001DE94B /* poll.h */ = {isa = PBXFileReference; fileEncoding = 4; lastKnownFileType = sourcecode.c.h; path = poll.h; sourceTree = "<group>"; };
/* End PBXFileReference section */

/* Begin PBXFrameworksBuildPhase section */
		A526618D1A6DF212001DE94B /* Frameworks */ = {
			isa = PBXFrameworksBuildPhase;
			buildActionMask = 2147483647;
			files = (
			);
			runOnlyForDeploymentPostprocessing = 0;
		};
/* End PBXFrameworksBuildPhase section */

/* Begin PBXGroup section */
		A52661871A6DF212001DE94B = {
			isa = PBXGroup;
			children = (
				A52661921A6DF212001DE94B /* PX4Poll */,
				A52661911A6DF212001DE94B /* Products */,
			);
			sourceTree = "<group>";
		};
		A52661911A6DF212001DE94B /* Products */ = {
			isa = PBXGroup;
			children = (
				A52661901A6DF212001DE94B /* PX4Poll */,
			);
			name = Products;
			sourceTree = "<group>";
		};
		A52661921A6DF212001DE94B /* PX4Poll */ = {
			isa = PBXGroup;
			children = (
				A52661931A6DF212001DE94B /* main.cpp */,
				A526619A1A6DF220001DE94B /* poll.cpp */,
				A526619B1A6DF220001DE94B /* poll.h */,
			);
			path = PX4Poll;
			sourceTree = "<group>";
		};
/* End PBXGroup section */

/* Begin PBXNativeTarget section */
		A526618F1A6DF212001DE94B /* PX4Poll */ = {
			isa = PBXNativeTarget;
			buildConfigurationList = A52661971A6DF212001DE94B /* Build configuration list for PBXNativeTarget "PX4Poll" */;
			buildPhases = (
				A526618C1A6DF212001DE94B /* Sources */,
				A526618D1A6DF212001DE94B /* Frameworks */,
				A526618E1A6DF212001DE94B /* CopyFiles */,
			);
			buildRules = (
			);
			dependencies = (
			);
			name = PX4Poll;
			productName = PX4Poll;
			productReference = A52661901A6DF212001DE94B /* PX4Poll */;
			productType = "com.apple.product-type.tool";
		};
/* End PBXNativeTarget section */

/* Begin PBXProject section */
		A52661881A6DF212001DE94B /* Project object */ = {
			isa = PBXProject;
			attributes = {
				LastUpgradeCheck = 0610;
				ORGANIZATIONNAME = "Steven Chang";
				TargetAttributes = {
					A526618F1A6DF212001DE94B = {
						CreatedOnToolsVersion = 6.1.1;
					};
				};
			};
			buildConfigurationList = A526618B1A6DF212001DE94B /* Build configuration list for PBXProject "PX4Poll" */;
			compatibilityVersion = "Xcode 3.2";
			developmentRegion = English;
			hasScannedForEncodings = 0;
			knownRegions = (
				en,
			);
			mainGroup = A52661871A6DF212001DE94B;
			productRefGroup = A52661911A6DF212001DE94B /* Products */;
			projectDirPath = "";
			projectRoot = "";
			targets = (
				A526618F1A6DF212001DE94B /* PX4Poll */,
			);
		};
/* End PBXProject section */

/* Begin PBXSourcesBuildPhase section */
		A526618C1A6DF212001DE94B /* Sources */ = {
			isa = PBXSourcesBuildPhase;
			buildActionMask = 2147483647;
			files = (
				A526619C1A6DF220001DE94B /* poll.cpp in Sources */,
				A52661941A6DF212001DE94B /* main.cpp in Sources */,
			);
			runOnlyForDeploymentPostprocessing = 0;
		};
/* End PBXSourcesBuildPhase section */

/* Begin XCBuildConfiguration section */
		A52661951A6DF212001DE94B /* Debug */ = {
			isa = XCBuildConfiguration;
			buildSettings = {
				ALWAYS_SEARCH_USER_PATHS = NO;
				CLANG_CXX_LANGUAGE_STANDARD = "gnu++0x";
				CLANG_CXX_LIBRARY = "libc++";
				CLANG_ENABLE_MODULES = YES;
				CLANG_ENABLE_OBJC_ARC = YES;
				CLANG_WARN_BOOL_CONVERSION = YES;
				CLANG_WARN_CONSTANT_CONVERSION = YES;
				CLANG_WARN_DIRECT_OBJC_ISA_USAGE = YES_ERROR;
				CLANG_WARN_EMPTY_BODY = YES;
				CLANG_WARN_ENUM_CONVERSION = YES;
				CLANG_WARN_INT_CONVERSION = YES;
				CLANG_WARN_OBJC_ROOT_CLASS = YES_ERROR;
				CLANG_WARN_UNREACHABLE_CODE = YES;
				CLANG_WARN__DUPLICATE_METHOD_MATCH = YES;
				COPY_PHASE_STRIP = NO;
				ENABLE_STRICT_OBJC_MSGSEND = YES;
				GCC_C_LANGUAGE_STANDARD = gnu99;
				GCC_DYNAMIC_NO_PIC = NO;
				GCC_OPTIMIZATION_LEVEL = 0;
				GCC_PREPROCESSOR_DEFINITIONS = (
					"DEBUG=1",
					"$(inherited)",
				);
				GCC_SYMBOLS_PRIVATE_EXTERN = NO;
				GCC_WARN_64_TO_32_BIT_CONVERSION = YES;
				GCC_WARN_ABOUT_RETURN_TYPE = YES_ERROR;
				GCC_WARN_UNDECLARED_SELECTOR = YES;
				GCC_WARN_UNINITIALIZED_AUTOS = YES_AGGRESSIVE;
				GCC_WARN_UNUSED_FUNCTION = YES;
				GCC_WARN_UNUSED_VARIABLE = YES;
				MACOSX_DEPLOYMENT_TARGET = 10.10;
				MTL_ENABLE_DEBUG_INFO = YES;
				ONLY_ACTIVE_ARCH = YES;
				SDKROOT = macosx;
			};
			name = Debug;
		};
		A52661961A6DF212001DE94B /* Release */ = {
			isa = XCBuildConfiguration;
			buildSettings = {
				ALWAYS_SEARCH_USER_PATHS = NO;
				CLANG_CXX_LANGUAGE_STANDARD = "gnu++0x";
				CLANG_CXX_LIBRARY = "libc++";
				CLANG_ENABLE_MODULES = YES;
				CLANG_ENABLE_OBJC_ARC = YES;
				CLANG_WARN_BOOL_CONVERSION = YES;
				CLANG_WARN_CONSTANT_CONVERSION = YES;
				CLANG_WARN_DIRECT_OBJC_ISA_USAGE = YES_ERROR;
				CLANG_WARN_EMPTY_BODY = YES;
				CLANG_WARN_ENUM_CONVERSION = YES;
				CLANG_WARN_INT_CONVERSION = YES;
				CLANG_WARN_OBJC_ROOT_CLASS = YES_ERROR;
				CLANG_WARN_UNREACHABLE_CODE = YES;
				CLANG_WARN__DUPLICATE_METHOD_MATCH = YES;
				COPY_PHASE_STRIP = YES;
				DEBUG_INFORMATION_FORMAT = "dwarf-with-dsym";
				ENABLE_NS_ASSERTIONS = NO;
				ENABLE_STRICT_OBJC_MSGSEND = YES;
				GCC_C_LANGUAGE_STANDARD = gnu99;
				GCC_WARN_64_TO_32_BIT_CONVERSION = YES;
				GCC_WARN_ABOUT_RETURN_TYPE = YES_ERROR;
				GCC_WARN_UNDECLARED_SELECTOR = YES;
				GCC_WARN_UNINITIALIZED_AUTOS = YES_AGGRESSIVE;
				GCC_WARN_UNUSED_FUNCTION = YES;
				GCC_WARN_UNUSED_VARIABLE = YES;
				MACOSX_DEPLOYMENT_TARGET = 10.10;
				MTL_ENABLE_DEBUG_INFO = NO;
				SDKROOT = macosx;
			};
			name = Release;
		};
		A52661981A6DF212001DE94B /* Debug */ = {
			isa = XCBuildConfiguration;
			buildSettings = {
				PRODUCT_NAME = "$(TARGET_NAME)";
			};
			name = Debug;
		};
		A52661991A6DF212001DE94B /* Release */ = {
			isa = XCBuildConfiguration;
			buildSettings = {
				PRODUCT_NAME = "$(TARGET_NAME)";
			};
			name = Release;
		};
/* End XCBuildConfiguration section */

/* Begin XCConfigurationList section */
		A526618B1A6DF212001DE94B /* Build configuration list for PBXProject "PX4Poll" */ = {
			isa = XCConfigurationList;
			buildConfigurations = (
				A52661951A6DF212001DE94B /* Debug */,
				A52661961A6DF212001DE94B /* Release */,
			);
			defaultConfigurationIsVisible = 0;
			defaultConfigurationName = Release;
		};
		A52661971A6DF212001DE94B /* Build configuration list for PBXNativeTarget "PX4Poll" */ = {
			isa = XCConfigurationList;
			buildConfigurations = (
				A52661981A6DF212001DE94B /* Debug */,
				A52661991A6DF212001DE94B /* Release */,
			);
			defaultConfigurationIsVisible = 0;
		};
/* End XCConfigurationList section */
	};
	rootObject = A52661881A6DF212001DE94B /* Project object */;
}
