// !$*UTF8*$!
{
	archiveVersion = 1;
	classes = {
	};
	objectVersion = 46;
	objects = {

/* Begin PBXBuildFile section */
		A5D1C4741A56601100620438 /* dma.cpp in Sources */ = {isa = PBXBuildFile; fileRef = A5D1C4731A56601100620438 /* dma.cpp */; };
		A5D1C4761A56759700620438 /* main.cpp in Sources */ = {isa = PBXBuildFile; fileRef = A5D1C4751A56759700620438 /* main.cpp */; };
/* End PBXBuildFile section */

/* Begin PBXCopyFilesBuildPhase section */
		A5D1C4651A559D1D00620438 /* CopyFiles */ = {
			isa = PBXCopyFilesBuildPhase;
			buildActionMask = 2147483647;
			dstPath = /usr/share/man/man1/;
			dstSubfolderSpec = 0;
			files = (
			);
			runOnlyForDeploymentPostprocessing = 1;
		};
/* End PBXCopyFilesBuildPhase section */

/* Begin PBXFileReference section */
		A5D1C4671A559D1D00620438 /* ABCTest */ = {isa = PBXFileReference; explicitFileType = "compiled.mach-o.executable"; includeInIndex = 0; path = ABCTest; sourceTree = BUILT_PRODUCTS_DIR; };
		A5D1C4721A565C9D00620438 /* dma.h */ = {isa = PBXFileReference; explicitFileType = sourcecode.cpp.h; path = dma.h; sourceTree = "<group>"; };
		A5D1C4731A56601100620438 /* dma.cpp */ = {isa = PBXFileReference; fileEncoding = 4; lastKnownFileType = sourcecode.cpp.cpp; path = dma.cpp; sourceTree = "<group>"; };
		A5D1C4751A56759700620438 /* main.cpp */ = {isa = PBXFileReference; fileEncoding = 4; lastKnownFileType = sourcecode.cpp.cpp; path = main.cpp; sourceTree = "<group>"; };
/* End PBXFileReference section */

/* Begin PBXFrameworksBuildPhase section */
		A5D1C4641A559D1D00620438 /* Frameworks */ = {
			isa = PBXFrameworksBuildPhase;
			buildActionMask = 2147483647;
			files = (
			);
			runOnlyForDeploymentPostprocessing = 0;
		};
/* End PBXFrameworksBuildPhase section */

/* Begin PBXGroup section */
		A5D1C45E1A559D1D00620438 = {
			isa = PBXGroup;
			children = (
				A5D1C4691A559D1D00620438 /* ABCTest */,
				A5D1C4681A559D1D00620438 /* Products */,
			);
			sourceTree = "<group>";
		};
		A5D1C4681A559D1D00620438 /* Products */ = {
			isa = PBXGroup;
			children = (
				A5D1C4671A559D1D00620438 /* ABCTest */,
			);
			name = Products;
			sourceTree = "<group>";
		};
		A5D1C4691A559D1D00620438 /* ABCTest */ = {
			isa = PBXGroup;
			children = (
				A5D1C4721A565C9D00620438 /* dma.h */,
				A5D1C4731A56601100620438 /* dma.cpp */,
				A5D1C4751A56759700620438 /* main.cpp */,
			);
			path = ABCTest;
			sourceTree = "<group>";
		};
/* End PBXGroup section */

/* Begin PBXNativeTarget section */
		A5D1C4661A559D1D00620438 /* ABCTest */ = {
			isa = PBXNativeTarget;
			buildConfigurationList = A5D1C46E1A559D1D00620438 /* Build configuration list for PBXNativeTarget "ABCTest" */;
			buildPhases = (
				A5D1C4631A559D1D00620438 /* Sources */,
				A5D1C4641A559D1D00620438 /* Frameworks */,
				A5D1C4651A559D1D00620438 /* CopyFiles */,
			);
			buildRules = (
			);
			dependencies = (
			);
			name = ABCTest;
			productName = ABCTest;
			productReference = A5D1C4671A559D1D00620438 /* ABCTest */;
			productType = "com.apple.product-type.tool";
		};
/* End PBXNativeTarget section */

/* Begin PBXProject section */
		A5D1C45F1A559D1D00620438 /* Project object */ = {
			isa = PBXProject;
			attributes = {
				LastUpgradeCheck = 0610;
				ORGANIZATIONNAME = "Steven Chang";
				TargetAttributes = {
					A5D1C4661A559D1D00620438 = {
						CreatedOnToolsVersion = 6.1.1;
					};
				};
			};
			buildConfigurationList = A5D1C4621A559D1D00620438 /* Build configuration list for PBXProject "ABCTest" */;
			compatibilityVersion = "Xcode 3.2";
			developmentRegion = English;
			hasScannedForEncodings = 0;
			knownRegions = (
				en,
			);
			mainGroup = A5D1C45E1A559D1D00620438;
			productRefGroup = A5D1C4681A559D1D00620438 /* Products */;
			projectDirPath = "";
			projectRoot = "";
			targets = (
				A5D1C4661A559D1D00620438 /* ABCTest */,
			);
		};
/* End PBXProject section */

/* Begin PBXSourcesBuildPhase section */
		A5D1C4631A559D1D00620438 /* Sources */ = {
			isa = PBXSourcesBuildPhase;
			buildActionMask = 2147483647;
			files = (
				A5D1C4741A56601100620438 /* dma.cpp in Sources */,
				A5D1C4761A56759700620438 /* main.cpp in Sources */,
			);
			runOnlyForDeploymentPostprocessing = 0;
		};
/* End PBXSourcesBuildPhase section */

/* Begin XCBuildConfiguration section */
		A5D1C46C1A559D1D00620438 /* Debug */ = {
			isa = XCBuildConfiguration;
			buildSettings = {
				ALWAYS_SEARCH_USER_PATHS = NO;
				CLANG_CXX_LANGUAGE_STANDARD = "gnu++0x";
				CLANG_CXX_LIBRARY = "libc++";
				CLANG_ENABLE_MODULES = YES;
				CLANG_ENABLE_OBJC_ARC = YES;
				CLANG_WARN_BOOL_CONVERSION = YES;
				CLANG_WARN_CONSTANT_CONVERSION = YES;
				CLANG_WARN_DIRECT_OBJC_ISA_USAGE = YES_ERROR;
				CLANG_WARN_EMPTY_BODY = YES;
				CLANG_WARN_ENUM_CONVERSION = YES;
				CLANG_WARN_INT_CONVERSION = YES;
				CLANG_WARN_OBJC_ROOT_CLASS = YES_ERROR;
				CLANG_WARN_UNREACHABLE_CODE = YES;
				CLANG_WARN__DUPLICATE_METHOD_MATCH = YES;
				COPY_PHASE_STRIP = NO;
				ENABLE_STRICT_OBJC_MSGSEND = YES;
				GCC_C_LANGUAGE_STANDARD = gnu99;
				GCC_DYNAMIC_NO_PIC = NO;
				GCC_OPTIMIZATION_LEVEL = 0;
				GCC_PREPROCESSOR_DEFINITIONS = (
					"DEBUG=1",
					"$(inherited)",
				);
				GCC_SYMBOLS_PRIVATE_EXTERN = NO;
				GCC_WARN_64_TO_32_BIT_CONVERSION = YES;
				GCC_WARN_ABOUT_RETURN_TYPE = YES_ERROR;
				GCC_WARN_UNDECLARED_SELECTOR = YES;
				GCC_WARN_UNINITIALIZED_AUTOS = YES_AGGRESSIVE;
				GCC_WARN_UNUSED_FUNCTION = YES;
				GCC_WARN_UNUSED_VARIABLE = YES;
				MACOSX_DEPLOYMENT_TARGET = 10.10;
				MTL_ENABLE_DEBUG_INFO = YES;
				ONLY_ACTIVE_ARCH = YES;
				SDKROOT = macosx;
			};
			name = Debug;
		};
		A5D1C46D1A559D1D00620438 /* Release */ = {
			isa = XCBuildConfiguration;
			buildSettings = {
				ALWAYS_SEARCH_USER_PATHS = NO;
				CLANG_CXX_LANGUAGE_STANDARD = "gnu++0x";
				CLANG_CXX_LIBRARY = "libc++";
				CLANG_ENABLE_MODULES = YES;
				CLANG_ENABLE_OBJC_ARC = YES;
				CLANG_WARN_BOOL_CONVERSION = YES;
				CLANG_WARN_CONSTANT_CONVERSION = YES;
				CLANG_WARN_DIRECT_OBJC_ISA_USAGE = YES_ERROR;
				CLANG_WARN_EMPTY_BODY = YES;
				CLANG_WARN_ENUM_CONVERSION = YES;
				CLANG_WARN_INT_CONVERSION = YES;
				CLANG_WARN_OBJC_ROOT_CLASS = YES_ERROR;
				CLANG_WARN_UNREACHABLE_CODE = YES;
				CLANG_WARN__DUPLICATE_METHOD_MATCH = YES;
				COPY_PHASE_STRIP = YES;
				DEBUG_INFORMATION_FORMAT = "dwarf-with-dsym";
				ENABLE_NS_ASSERTIONS = NO;
				ENABLE_STRICT_OBJC_MSGSEND = YES;
				GCC_C_LANGUAGE_STANDARD = gnu99;
				GCC_WARN_64_TO_32_BIT_CONVERSION = YES;
				GCC_WARN_ABOUT_RETURN_TYPE = YES_ERROR;
				GCC_WARN_UNDECLARED_SELECTOR = YES;
				GCC_WARN_UNINITIALIZED_AUTOS = YES_AGGRESSIVE;
				GCC_WARN_UNUSED_FUNCTION = YES;
				GCC_WARN_UNUSED_VARIABLE = YES;
				MACOSX_DEPLOYMENT_TARGET = 10.10;
				MTL_ENABLE_DEBUG_INFO = NO;
				SDKROOT = macosx;
			};
			name = Release;
		};
		A5D1C46F1A559D1D00620438 /* Debug */ = {
			isa = XCBuildConfiguration;
			buildSettings = {
				PRODUCT_NAME = "$(TARGET_NAME)";
			};
			name = Debug;
		};
		A5D1C4701A559D1D00620438 /* Release */ = {
			isa = XCBuildConfiguration;
			buildSettings = {
				PRODUCT_NAME = "$(TARGET_NAME)";
			};
			name = Release;
		};
/* End XCBuildConfiguration section */

/* Begin XCConfigurationList section */
		A5D1C4621A559D1D00620438 /* Build configuration list for PBXProject "ABCTest" */ = {
			isa = XCConfigurationList;
			buildConfigurations = (
				A5D1C46C1A559D1D00620438 /* Debug */,
				A5D1C46D1A559D1D00620438 /* Release */,
			);
			defaultConfigurationIsVisible = 0;
			defaultConfigurationName = Release;
		};
		A5D1C46E1A559D1D00620438 /* Build configuration list for PBXNativeTarget "ABCTest" */ = {
			isa = XCConfigurationList;
			buildConfigurations = (
				A5D1C46F1A559D1D00620438 /* Debug */,
				A5D1C4701A559D1D00620438 /* Release */,
			);
			defaultConfigurationIsVisible = 0;
			defaultConfigurationName = Release;
		};
/* End XCConfigurationList section */
	};
	rootObject = A5D1C45F1A559D1D00620438 /* Project object */;
}
